
Microsoft Visual Studio Solution File, Format Version 12.00
# Visual Studio Version 18
VisualStudioVersion = 18.0.11217.181
MinimumVisualStudioVersion = 10.0.40219.1
Project("{2150E333-8FDC-42A3-9474-1A3956D46DE8}") = "Base", "Base", "{48D763BE-5112-4A94-AA2F-140576D50DD4}"
EndProject
Project("{2150E333-8FDC-42A3-9474-1A3956D46DE8}") = "Tests", "Tests", "{6E23992A-8A85-49F1-A705-6B28F7A5F1DC}"
EndProject
Project("{9A19103F-16F7-4668-BE54-9A1E7A4F7556}") = "ThingsLibrary", "Base\src\ThingsLibrary.Base\ThingsLibrary.csproj", "{897462BC-4FAE-4B76-B404-815D9985F391}"
EndProject
Project("{9A19103F-16F7-4668-BE54-9A1E7A4F7556}") = "ThingsLibrary.Core.Tests", "Base\tests\ThingsLibrary.Base.Tests\ThingsLibrary.Core.Tests.csproj", "{91E7473F-DD2A-4200-B41F-9305D8DA853A}"
EndProject
Project("{2150E333-8FDC-42A3-9474-1A3956D46DE8}") = ".github", ".github", "{363AB45F-AE3E-4EF1-8FDA-846B982DDFEF}"
	ProjectSection(SolutionItems) = preProject
		.github\workflows\markdown_checker.json = .github\workflows\markdown_checker.json
		.github\workflows\markdown_checker.yml = .github\workflows\markdown_checker.yml
		.github\workflows\publish_nugets.yml = .github\workflows\publish_nugets.yml
		.github\workflows\pull_requests.yml = .github\workflows\pull_requests.yml
	EndProjectSection
EndProject
Project("{2150E333-8FDC-42A3-9474-1A3956D46DE8}") = "Security", "Security", "{625B340B-8DED-4E01-9252-49A01FD3AFE6}"
EndProject
Project("{9A19103F-16F7-4668-BE54-9A1E7A4F7556}") = "ThingsLibrary.Security.OAuth2", "Security\src\ThingsLibrary.Security.OAuth2\ThingsLibrary.Security.OAuth2.csproj", "{4EB380DF-AC28-4387-9BB5-77570740DA92}"
EndProject
Project("{2150E333-8FDC-42A3-9474-1A3956D46DE8}") = "Tests", "Tests", "{827FE983-CB41-4775-8502-46D8A8DB7FCB}"
EndProject
Project("{9A19103F-16F7-4668-BE54-9A1E7A4F7556}") = "ThingsLibrary.Security.OAuth2.Tests", "Security\tests\ThingsLibrary.Security.OAuth2.Tests\ThingsLibrary.Security.OAuth2.Tests.csproj", "{14BDE79B-8256-4F68-89E8-EA78153684F0}"
EndProject
Project("{9A19103F-16F7-4668-BE54-9A1E7A4F7556}") = "ThingsLibrary.Testing", "Base\src\ThingsLibrary.Testing\ThingsLibrary.Testing.csproj", "{F941BDC1-AB3C-4FF0-87A7-6385DA9D74B6}"
EndProject
Project("{2150E333-8FDC-42A3-9474-1A3956D46DE8}") = "Cache", "Cache", "{02EA681E-C7D8-13C7-8484-4AC65E1B71E8}"
EndProject
Project("{2150E333-8FDC-42A3-9474-1A3956D46DE8}") = "Tests", "Tests", "{575FB7F3-4129-4E30-8EA6-8B03EA160DD5}"
EndProject
Project("{FAE04EC0-301F-11D3-BF4B-00C04F79EFBC}") = "ThingsLibrary.Cache", "Cache\src\ThingsLibrary.Cache\ThingsLibrary.Cache.csproj", "{7F392BF9-13C1-1B69-74EC-3F06F9E6B85E}"
EndProject
Project("{FAE04EC0-301F-11D3-BF4B-00C04F79EFBC}") = "ThingsLibrary.Cache.Memory", "Cache\src\ThingsLibrary.Cache.Memory\ThingsLibrary.Cache.Memory.csproj", "{DE4E21E3-587E-C981-4FEB-BBBE6369452E}"
EndProject
Project("{FAE04EC0-301F-11D3-BF4B-00C04F79EFBC}") = "ThingsLibrary.Cache.Tests", "Cache\tests\ThingsLibrary.Cache.Tests\ThingsLibrary.Cache.Tests.csproj", "{406C6633-0E74-4B6C-ACE3-5E5DC40A6C92}"
EndProject
Project("{2150E333-8FDC-42A3-9474-1A3956D46DE8}") = "Entity", "Entity", "{811C99C8-1F68-4DB0-A9F9-E45C1D6C0A25}"
EndProject
Project("{2150E333-8FDC-42A3-9474-1A3956D46DE8}") = "Tests", "Tests", "{E1A97692-26EB-473E-BAFC-C0946D89E81E}"
EndProject
Project("{2150E333-8FDC-42A3-9474-1A3956D46DE8}") = "Database", "Database", "{AEA7EBFB-4654-45AA-86A7-8331890456C1}"
EndProject
Project("{FAE04EC0-301F-11D3-BF4B-00C04F79EFBC}") = "ThingsLibrary.Entity", "Entity\src\ThingsLibrary.Entity\ThingsLibrary.Entity.csproj", "{EFD5AA36-573B-C7B8-6FBA-CC2189D0C75A}"
EndProject
Project("{FAE04EC0-301F-11D3-BF4B-00C04F79EFBC}") = "ThingsLibrary.Entity.Mongo", "Entity\src\ThingsLibrary.Entity.Mongo\ThingsLibrary.Entity.Mongo.csproj", "{97C92137-E89E-8266-0582-E1603B298F5E}"
EndProject
Project("{2150E333-8FDC-42A3-9474-1A3956D46DE8}") = "Services", "Services", "{01046A4D-EF64-40BE-8916-70F172E56A2E}"
EndProject
Project("{FAE04EC0-301F-11D3-BF4B-00C04F79EFBC}") = "ThingsLibrary.Services", "Services\src\ThingsLibrary.Services\ThingsLibrary.Services.csproj", "{44D2512F-7069-2C12-FE74-B2D5D2CCB415}"
EndProject
Project("{FAE04EC0-301F-11D3-BF4B-00C04F79EFBC}") = "ThingsLibrary.Services.AspNetCore", "Services\src\ThingsLibrary.Services.AspNetCore\ThingsLibrary.Services.AspNetCore.csproj", "{621D4C6C-B211-ED2E-538E-37B7CC7A91E9}"
EndProject
Project("{FAE04EC0-301F-11D3-BF4B-00C04F79EFBC}") = "ThingsLibrary.Services.Tests", "Services\tests\ThingsLibrary.Services.Tests\ThingsLibrary.Services.Tests.csproj", "{6D5C0ECF-13A4-0487-6BA5-E639A7E31092}"
EndProject
Project("{2150E333-8FDC-42A3-9474-1A3956D46DE8}") = "Tests", "Tests", "{849E04AD-AF77-480E-841C-9F7F9D567A6E}"
EndProject
Project("{2150E333-8FDC-42A3-9474-1A3956D46DE8}") = "Notifications", "Notifications", "{2765E029-1979-4E1B-BA88-3B319E11DA85}"
EndProject
Project("{FAE04EC0-301F-11D3-BF4B-00C04F79EFBC}") = "ThingsLibrary.Notification", "Notifications\src\ThingsLibrary.Notification\ThingsLibrary.Notification.csproj", "{B85EAE8C-5367-CAD0-1604-1BDF491B4E54}"
EndProject
Project("{FAE04EC0-301F-11D3-BF4B-00C04F79EFBC}") = "ThingsLibrary.Notification.Azure", "Notifications\src\ThingsLibrary.Notifications.Azure\ThingsLibrary.Notification.Azure.csproj", "{2AE31A06-45C7-7512-DBA1-6F6E6417C4FA}"
EndProject
Project("{FAE04EC0-301F-11D3-BF4B-00C04F79EFBC}") = "ThingsLibrary.Database", "Database\src\ThingsLibrary.Database\ThingsLibrary.Database.csproj", "{64DF7009-D2E5-E8AC-AE2A-CF49A86A711C}"
EndProject
Project("{FAE04EC0-301F-11D3-BF4B-00C04F79EFBC}") = "ThingsLibrary.Database.SqlServer", "Database\src\ThingsLibrary.Database.SqlServer\ThingsLibrary.Database.SqlServer.csproj", "{54C7FECD-27CB-2322-BA28-B2278E39526D}"
EndProject
Project("{2150E333-8FDC-42A3-9474-1A3956D46DE8}") = "Tests", "Tests", "{3B22F8CC-5485-40EE-909C-23D130F140B9}"
EndProject
Project("{FAE04EC0-301F-11D3-BF4B-00C04F79EFBC}") = "ThingsLibrary.Database.Tests", "Database\tests\ThingsLibrary.Database.Tests\ThingsLibrary.Database.Tests.csproj", "{4E8EAE34-4F80-655D-5132-4A7B5888CE78}"
EndProject
Project("{FAE04EC0-301F-11D3-BF4B-00C04F79EFBC}") = "ThingsLibrary.Cache.Cosmos", "Cache\src\ThingsLibrary.Cache.Cosmos\ThingsLibrary.Cache.Cosmos.csproj", "{2B61A89B-03C9-4C17-AA09-D903C733ED8E}"
EndProject
Global
	GlobalSection(SolutionConfigurationPlatforms) = preSolution
		Debug|Any CPU = Debug|Any CPU
		Release|Any CPU = Release|Any CPU
	EndGlobalSection
	GlobalSection(ProjectConfigurationPlatforms) = postSolution
		{897462BC-4FAE-4B76-B404-815D9985F391}.Debug|Any CPU.ActiveCfg = Debug|Any CPU
		{897462BC-4FAE-4B76-B404-815D9985F391}.Debug|Any CPU.Build.0 = Debug|Any CPU
		{897462BC-4FAE-4B76-B404-815D9985F391}.Release|Any CPU.ActiveCfg = Release|Any CPU
		{897462BC-4FAE-4B76-B404-815D9985F391}.Release|Any CPU.Build.0 = Release|Any CPU
		{91E7473F-DD2A-4200-B41F-9305D8DA853A}.Debug|Any CPU.ActiveCfg = Debug|Any CPU
		{91E7473F-DD2A-4200-B41F-9305D8DA853A}.Debug|Any CPU.Build.0 = Debug|Any CPU
		{91E7473F-DD2A-4200-B41F-9305D8DA853A}.Release|Any CPU.ActiveCfg = Release|Any CPU
		{91E7473F-DD2A-4200-B41F-9305D8DA853A}.Release|Any CPU.Build.0 = Release|Any CPU
		{4EB380DF-AC28-4387-9BB5-77570740DA92}.Debug|Any CPU.ActiveCfg = Debug|Any CPU
		{4EB380DF-AC28-4387-9BB5-77570740DA92}.Debug|Any CPU.Build.0 = Debug|Any CPU
		{4EB380DF-AC28-4387-9BB5-77570740DA92}.Release|Any CPU.ActiveCfg = Release|Any CPU
		{4EB380DF-AC28-4387-9BB5-77570740DA92}.Release|Any CPU.Build.0 = Release|Any CPU
		{14BDE79B-8256-4F68-89E8-EA78153684F0}.Debug|Any CPU.ActiveCfg = Debug|Any CPU
		{14BDE79B-8256-4F68-89E8-EA78153684F0}.Debug|Any CPU.Build.0 = Debug|Any CPU
		{14BDE79B-8256-4F68-89E8-EA78153684F0}.Release|Any CPU.ActiveCfg = Release|Any CPU
		{14BDE79B-8256-4F68-89E8-EA78153684F0}.Release|Any CPU.Build.0 = Release|Any CPU
		{F941BDC1-AB3C-4FF0-87A7-6385DA9D74B6}.Debug|Any CPU.ActiveCfg = Debug|Any CPU
		{F941BDC1-AB3C-4FF0-87A7-6385DA9D74B6}.Debug|Any CPU.Build.0 = Debug|Any CPU
		{F941BDC1-AB3C-4FF0-87A7-6385DA9D74B6}.Release|Any CPU.ActiveCfg = Release|Any CPU
		{F941BDC1-AB3C-4FF0-87A7-6385DA9D74B6}.Release|Any CPU.Build.0 = Release|Any CPU
		{7F392BF9-13C1-1B69-74EC-3F06F9E6B85E}.Debug|Any CPU.ActiveCfg = Debug|Any CPU
		{7F392BF9-13C1-1B69-74EC-3F06F9E6B85E}.Debug|Any CPU.Build.0 = Debug|Any CPU
		{7F392BF9-13C1-1B69-74EC-3F06F9E6B85E}.Release|Any CPU.ActiveCfg = Release|Any CPU
		{7F392BF9-13C1-1B69-74EC-3F06F9E6B85E}.Release|Any CPU.Build.0 = Release|Any CPU
		{DE4E21E3-587E-C981-4FEB-BBBE6369452E}.Debug|Any CPU.ActiveCfg = Debug|Any CPU
		{DE4E21E3-587E-C981-4FEB-BBBE6369452E}.Debug|Any CPU.Build.0 = Debug|Any CPU
		{DE4E21E3-587E-C981-4FEB-BBBE6369452E}.Release|Any CPU.ActiveCfg = Release|Any CPU
		{DE4E21E3-587E-C981-4FEB-BBBE6369452E}.Release|Any CPU.Build.0 = Release|Any CPU
		{406C6633-0E74-4B6C-ACE3-5E5DC40A6C92}.Debug|Any CPU.ActiveCfg = Debug|Any CPU
		{406C6633-0E74-4B6C-ACE3-5E5DC40A6C92}.Debug|Any CPU.Build.0 = Debug|Any CPU
		{406C6633-0E74-4B6C-ACE3-5E5DC40A6C92}.Release|Any CPU.ActiveCfg = Release|Any CPU
		{406C6633-0E74-4B6C-ACE3-5E5DC40A6C92}.Release|Any CPU.Build.0 = Release|Any CPU
		{EFD5AA36-573B-C7B8-6FBA-CC2189D0C75A}.Debug|Any CPU.ActiveCfg = Debug|Any CPU
		{EFD5AA36-573B-C7B8-6FBA-CC2189D0C75A}.Debug|Any CPU.Build.0 = Debug|Any CPU
		{EFD5AA36-573B-C7B8-6FBA-CC2189D0C75A}.Release|Any CPU.ActiveCfg = Release|Any CPU
		{EFD5AA36-573B-C7B8-6FBA-CC2189D0C75A}.Release|Any CPU.Build.0 = Release|Any CPU
		{97C92137-E89E-8266-0582-E1603B298F5E}.Debug|Any CPU.ActiveCfg = Debug|Any CPU
		{97C92137-E89E-8266-0582-E1603B298F5E}.Debug|Any CPU.Build.0 = Debug|Any CPU
		{97C92137-E89E-8266-0582-E1603B298F5E}.Release|Any CPU.ActiveCfg = Release|Any CPU
		{97C92137-E89E-8266-0582-E1603B298F5E}.Release|Any CPU.Build.0 = Release|Any CPU
		{44D2512F-7069-2C12-FE74-B2D5D2CCB415}.Debug|Any CPU.ActiveCfg = Debug|Any CPU
		{44D2512F-7069-2C12-FE74-B2D5D2CCB415}.Debug|Any CPU.Build.0 = Debug|Any CPU
		{44D2512F-7069-2C12-FE74-B2D5D2CCB415}.Release|Any CPU.ActiveCfg = Release|Any CPU
		{44D2512F-7069-2C12-FE74-B2D5D2CCB415}.Release|Any CPU.Build.0 = Release|Any CPU
		{621D4C6C-B211-ED2E-538E-37B7CC7A91E9}.Debug|Any CPU.ActiveCfg = Debug|Any CPU
		{621D4C6C-B211-ED2E-538E-37B7CC7A91E9}.Debug|Any CPU.Build.0 = Debug|Any CPU
		{621D4C6C-B211-ED2E-538E-37B7CC7A91E9}.Release|Any CPU.ActiveCfg = Release|Any CPU
		{621D4C6C-B211-ED2E-538E-37B7CC7A91E9}.Release|Any CPU.Build.0 = Release|Any CPU
		{6D5C0ECF-13A4-0487-6BA5-E639A7E31092}.Debug|Any CPU.ActiveCfg = Debug|Any CPU
		{6D5C0ECF-13A4-0487-6BA5-E639A7E31092}.Debug|Any CPU.Build.0 = Debug|Any CPU
		{6D5C0ECF-13A4-0487-6BA5-E639A7E31092}.Release|Any CPU.ActiveCfg = Release|Any CPU
		{6D5C0ECF-13A4-0487-6BA5-E639A7E31092}.Release|Any CPU.Build.0 = Release|Any CPU
		{B85EAE8C-5367-CAD0-1604-1BDF491B4E54}.Debug|Any CPU.ActiveCfg = Debug|Any CPU
		{B85EAE8C-5367-CAD0-1604-1BDF491B4E54}.Debug|Any CPU.Build.0 = Debug|Any CPU
		{B85EAE8C-5367-CAD0-1604-1BDF491B4E54}.Release|Any CPU.ActiveCfg = Release|Any CPU
		{B85EAE8C-5367-CAD0-1604-1BDF491B4E54}.Release|Any CPU.Build.0 = Release|Any CPU
		{2AE31A06-45C7-7512-DBA1-6F6E6417C4FA}.Debug|Any CPU.ActiveCfg = Debug|Any CPU
		{2AE31A06-45C7-7512-DBA1-6F6E6417C4FA}.Debug|Any CPU.Build.0 = Debug|Any CPU
		{2AE31A06-45C7-7512-DBA1-6F6E6417C4FA}.Release|Any CPU.ActiveCfg = Release|Any CPU
		{2AE31A06-45C7-7512-DBA1-6F6E6417C4FA}.Release|Any CPU.Build.0 = Release|Any CPU
		{64DF7009-D2E5-E8AC-AE2A-CF49A86A711C}.Debug|Any CPU.ActiveCfg = Debug|Any CPU
		{64DF7009-D2E5-E8AC-AE2A-CF49A86A711C}.Debug|Any CPU.Build.0 = Debug|Any CPU
		{64DF7009-D2E5-E8AC-AE2A-CF49A86A711C}.Release|Any CPU.ActiveCfg = Release|Any CPU
		{64DF7009-D2E5-E8AC-AE2A-CF49A86A711C}.Release|Any CPU.Build.0 = Release|Any CPU
		{54C7FECD-27CB-2322-BA28-B2278E39526D}.Debug|Any CPU.ActiveCfg = Debug|Any CPU
		{54C7FECD-27CB-2322-BA28-B2278E39526D}.Debug|Any CPU.Build.0 = Debug|Any CPU
		{54C7FECD-27CB-2322-BA28-B2278E39526D}.Release|Any CPU.ActiveCfg = Release|Any CPU
		{54C7FECD-27CB-2322-BA28-B2278E39526D}.Release|Any CPU.Build.0 = Release|Any CPU
		{4E8EAE34-4F80-655D-5132-4A7B5888CE78}.Debug|Any CPU.ActiveCfg = Debug|Any CPU
		{4E8EAE34-4F80-655D-5132-4A7B5888CE78}.Debug|Any CPU.Build.0 = Debug|Any CPU
		{4E8EAE34-4F80-655D-5132-4A7B5888CE78}.Release|Any CPU.ActiveCfg = Release|Any CPU
		{4E8EAE34-4F80-655D-5132-4A7B5888CE78}.Release|Any CPU.Build.0 = Release|Any CPU
		{2B61A89B-03C9-4C17-AA09-D903C733ED8E}.Debug|Any CPU.ActiveCfg = Debug|Any CPU
		{2B61A89B-03C9-4C17-AA09-D903C733ED8E}.Debug|Any CPU.Build.0 = Debug|Any CPU
		{2B61A89B-03C9-4C17-AA09-D903C733ED8E}.Release|Any CPU.ActiveCfg = Release|Any CPU
		{2B61A89B-03C9-4C17-AA09-D903C733ED8E}.Release|Any CPU.Build.0 = Release|Any CPU
	EndGlobalSection
	GlobalSection(SolutionProperties) = preSolution
		HideSolutionNode = FALSE
	EndGlobalSection
	GlobalSection(NestedProjects) = preSolution
		{6E23992A-8A85-49F1-A705-6B28F7A5F1DC} = {48D763BE-5112-4A94-AA2F-140576D50DD4}
		{897462BC-4FAE-4B76-B404-815D9985F391} = {48D763BE-5112-4A94-AA2F-140576D50DD4}
		{91E7473F-DD2A-4200-B41F-9305D8DA853A} = {6E23992A-8A85-49F1-A705-6B28F7A5F1DC}
		{4EB380DF-AC28-4387-9BB5-77570740DA92} = {625B340B-8DED-4E01-9252-49A01FD3AFE6}
		{827FE983-CB41-4775-8502-46D8A8DB7FCB} = {625B340B-8DED-4E01-9252-49A01FD3AFE6}
		{14BDE79B-8256-4F68-89E8-EA78153684F0} = {827FE983-CB41-4775-8502-46D8A8DB7FCB}
		{F941BDC1-AB3C-4FF0-87A7-6385DA9D74B6} = {48D763BE-5112-4A94-AA2F-140576D50DD4}
		{575FB7F3-4129-4E30-8EA6-8B03EA160DD5} = {02EA681E-C7D8-13C7-8484-4AC65E1B71E8}
		{7F392BF9-13C1-1B69-74EC-3F06F9E6B85E} = {02EA681E-C7D8-13C7-8484-4AC65E1B71E8}
		{DE4E21E3-587E-C981-4FEB-BBBE6369452E} = {02EA681E-C7D8-13C7-8484-4AC65E1B71E8}
		{406C6633-0E74-4B6C-ACE3-5E5DC40A6C92} = {575FB7F3-4129-4E30-8EA6-8B03EA160DD5}
		{E1A97692-26EB-473E-BAFC-C0946D89E81E} = {811C99C8-1F68-4DB0-A9F9-E45C1D6C0A25}
		{EFD5AA36-573B-C7B8-6FBA-CC2189D0C75A} = {811C99C8-1F68-4DB0-A9F9-E45C1D6C0A25}
		{97C92137-E89E-8266-0582-E1603B298F5E} = {811C99C8-1F68-4DB0-A9F9-E45C1D6C0A25}
		{44D2512F-7069-2C12-FE74-B2D5D2CCB415} = {01046A4D-EF64-40BE-8916-70F172E56A2E}
		{621D4C6C-B211-ED2E-538E-37B7CC7A91E9} = {01046A4D-EF64-40BE-8916-70F172E56A2E}
		{6D5C0ECF-13A4-0487-6BA5-E639A7E31092} = {849E04AD-AF77-480E-841C-9F7F9D567A6E}
		{849E04AD-AF77-480E-841C-9F7F9D567A6E} = {01046A4D-EF64-40BE-8916-70F172E56A2E}
		{B85EAE8C-5367-CAD0-1604-1BDF491B4E54} = {2765E029-1979-4E1B-BA88-3B319E11DA85}
		{2AE31A06-45C7-7512-DBA1-6F6E6417C4FA} = {2765E029-1979-4E1B-BA88-3B319E11DA85}
		{64DF7009-D2E5-E8AC-AE2A-CF49A86A711C} = {AEA7EBFB-4654-45AA-86A7-8331890456C1}
		{54C7FECD-27CB-2322-BA28-B2278E39526D} = {AEA7EBFB-4654-45AA-86A7-8331890456C1}
		{3B22F8CC-5485-40EE-909C-23D130F140B9} = {AEA7EBFB-4654-45AA-86A7-8331890456C1}
		{4E8EAE34-4F80-655D-5132-4A7B5888CE78} = {3B22F8CC-5485-40EE-909C-23D130F140B9}
		{2B61A89B-03C9-4C17-AA09-D903C733ED8E} = {02EA681E-C7D8-13C7-8484-4AC65E1B71E8}
	EndGlobalSection
	GlobalSection(ExtensibilityGlobals) = postSolution
		SolutionGuid = {9CF34144-3CDD-4955-B934-A5278D7A1139}
	EndGlobalSection
EndGlobal
