
Microsoft Visual Studio Solution File, Format Version 12.00
# Visual Studio Version 17
VisualStudioVersion = 17.3.32825.248
MinimumVisualStudioVersion = 10.0.40219.1
Project("{2150E333-8FDC-42A3-9474-1A3956D46DE8}") = "Base", "Base", "{48D763BE-5112-4A94-AA2F-140576D50DD4}"
EndProject
Project("{2150E333-8FDC-42A3-9474-1A3956D46DE8}") = "Tests", "Tests", "{6E23992A-8A85-49F1-A705-6B28F7A5F1DC}"
EndProject
Project("{9A19103F-16F7-4668-BE54-9A1E7A4F7556}") = "ThingsLibrary", "Base\src\ThingsLibrary.Base\ThingsLibrary.csproj", "{897462BC-4FAE-4B76-B404-815D9985F391}"
EndProject
Project("{9A19103F-16F7-4668-BE54-9A1E7A4F7556}") = "ThingsLibrary.Core.Tests", "Base\tests\ThingsLibrary.Base.Tests\ThingsLibrary.Core.Tests.csproj", "{91E7473F-DD2A-4200-B41F-9305D8DA853A}"
EndProject
Project("{2150E333-8FDC-42A3-9474-1A3956D46DE8}") = ".github", ".github", "{363AB45F-AE3E-4EF1-8FDA-846B982DDFEF}"
	ProjectSection(SolutionItems) = preProject
		.github\workflows\publish_nugets.yml = .github\workflows\publish_nugets.yml
		.github\workflows\pull_requests.yml = .github\workflows\pull_requests.yml
	EndProjectSection
EndProject
Project("{2150E333-8FDC-42A3-9474-1A3956D46DE8}") = "Security", "Security", "{625B340B-8DED-4E01-9252-49A01FD3AFE6}"
EndProject
Project("{9A19103F-16F7-4668-BE54-9A1E7A4F7556}") = "ThingsLibrary.Security.OAuth2", "Security\src\ThingsLibrary.Security.OAuth2\ThingsLibrary.Security.OAuth2.csproj", "{4EB380DF-AC28-4387-9BB5-77570740DA92}"
EndProject
Project("{2150E333-8FDC-42A3-9474-1A3956D46DE8}") = "Tests", "Tests", "{827FE983-CB41-4775-8502-46D8A8DB7FCB}"
EndProject
Project("{9A19103F-16F7-4668-BE54-9A1E7A4F7556}") = "ThingsLibrary.Security.OAuth2.Tests", "Security\tests\ThingsLibrary.Security.OAuth2.Tests\ThingsLibrary.Security.OAuth2.Tests.csproj", "{14BDE79B-8256-4F68-89E8-EA78153684F0}"
EndProject
Project("{9A19103F-16F7-4668-BE54-9A1E7A4F7556}") = "ThingsLibrary.Testing", "Base\src\ThingsLibrary.Testing\ThingsLibrary.Testing.csproj", "{F941BDC1-AB3C-4FF0-87A7-6385DA9D74B6}"
EndProject
Project("{2150E333-8FDC-42A3-9474-1A3956D46DE8}") = "Cache", "Cache", "{02EA681E-C7D8-13C7-8484-4AC65E1B71E8}"
EndProject
Project("{2150E333-8FDC-42A3-9474-1A3956D46DE8}") = "Tests", "Tests", "{575FB7F3-4129-4E30-8EA6-8B03EA160DD5}"
EndProject
Project("{FAE04EC0-301F-11D3-BF4B-00C04F79EFBC}") = "ThingsLibrary.Cache", "Cache\src\ThingsLibrary.Cache\ThingsLibrary.Cache.csproj", "{7F392BF9-13C1-1B69-74EC-3F06F9E6B85E}"
EndProject
Project("{FAE04EC0-301F-11D3-BF4B-00C04F79EFBC}") = "ThingsLibrary.Cache.Memory", "Cache\src\ThingsLibrary.Cache.Memory\ThingsLibrary.Cache.Memory.csproj", "{DE4E21E3-587E-C981-4FEB-BBBE6369452E}"
EndProject
Project("{FAE04EC0-301F-11D3-BF4B-00C04F79EFBC}") = "ThingsLibrary.Cache.Tests", "Cache\tests\ThingsLibrary.Cache.Tests\ThingsLibrary.Cache.Tests.csproj", "{406C6633-0E74-4B6C-ACE3-5E5DC40A6C92}"
EndProject
Global
	GlobalSection(SolutionConfigurationPlatforms) = preSolution
		Debug|Any CPU = Debug|Any CPU
		Release|Any CPU = Release|Any CPU
	EndGlobalSection
	GlobalSection(ProjectConfigurationPlatforms) = postSolution
		{897462BC-4FAE-4B76-B404-815D9985F391}.Debug|Any CPU.ActiveCfg = Debug|Any CPU
		{897462BC-4FAE-4B76-B404-815D9985F391}.Debug|Any CPU.Build.0 = Debug|Any CPU
		{897462BC-4FAE-4B76-B404-815D9985F391}.Release|Any CPU.ActiveCfg = Release|Any CPU
		{897462BC-4FAE-4B76-B404-815D9985F391}.Release|Any CPU.Build.0 = Release|Any CPU
		{91E7473F-DD2A-4200-B41F-9305D8DA853A}.Debug|Any CPU.ActiveCfg = Debug|Any CPU
		{91E7473F-DD2A-4200-B41F-9305D8DA853A}.Debug|Any CPU.Build.0 = Debug|Any CPU
		{91E7473F-DD2A-4200-B41F-9305D8DA853A}.Release|Any CPU.ActiveCfg = Release|Any CPU
		{91E7473F-DD2A-4200-B41F-9305D8DA853A}.Release|Any CPU.Build.0 = Release|Any CPU
		{4EB380DF-AC28-4387-9BB5-77570740DA92}.Debug|Any CPU.ActiveCfg = Debug|Any CPU
		{4EB380DF-AC28-4387-9BB5-77570740DA92}.Debug|Any CPU.Build.0 = Debug|Any CPU
		{4EB380DF-AC28-4387-9BB5-77570740DA92}.Release|Any CPU.ActiveCfg = Release|Any CPU
		{4EB380DF-AC28-4387-9BB5-77570740DA92}.Release|Any CPU.Build.0 = Release|Any CPU
		{14BDE79B-8256-4F68-89E8-EA78153684F0}.Debug|Any CPU.ActiveCfg = Debug|Any CPU
		{14BDE79B-8256-4F68-89E8-EA78153684F0}.Debug|Any CPU.Build.0 = Debug|Any CPU
		{14BDE79B-8256-4F68-89E8-EA78153684F0}.Release|Any CPU.ActiveCfg = Release|Any CPU
		{14BDE79B-8256-4F68-89E8-EA78153684F0}.Release|Any CPU.Build.0 = Release|Any CPU
		{F941BDC1-AB3C-4FF0-87A7-6385DA9D74B6}.Debug|Any CPU.ActiveCfg = Debug|Any CPU
		{F941BDC1-AB3C-4FF0-87A7-6385DA9D74B6}.Debug|Any CPU.Build.0 = Debug|Any CPU
		{F941BDC1-AB3C-4FF0-87A7-6385DA9D74B6}.Release|Any CPU.ActiveCfg = Release|Any CPU
		{F941BDC1-AB3C-4FF0-87A7-6385DA9D74B6}.Release|Any CPU.Build.0 = Release|Any CPU
		{7F392BF9-13C1-1B69-74EC-3F06F9E6B85E}.Debug|Any CPU.ActiveCfg = Debug|Any CPU
		{7F392BF9-13C1-1B69-74EC-3F06F9E6B85E}.Debug|Any CPU.Build.0 = Debug|Any CPU
		{7F392BF9-13C1-1B69-74EC-3F06F9E6B85E}.Release|Any CPU.ActiveCfg = Release|Any CPU
		{7F392BF9-13C1-1B69-74EC-3F06F9E6B85E}.Release|Any CPU.Build.0 = Release|Any CPU
		{DE4E21E3-587E-C981-4FEB-BBBE6369452E}.Debug|Any CPU.ActiveCfg = Debug|Any CPU
		{DE4E21E3-587E-C981-4FEB-BBBE6369452E}.Debug|Any CPU.Build.0 = Debug|Any CPU
		{DE4E21E3-587E-C981-4FEB-BBBE6369452E}.Release|Any CPU.ActiveCfg = Release|Any CPU
		{DE4E21E3-587E-C981-4FEB-BBBE6369452E}.Release|Any CPU.Build.0 = Release|Any CPU
		{406C6633-0E74-4B6C-ACE3-5E5DC40A6C92}.Debug|Any CPU.ActiveCfg = Debug|Any CPU
		{406C6633-0E74-4B6C-ACE3-5E5DC40A6C92}.Debug|Any CPU.Build.0 = Debug|Any CPU
		{406C6633-0E74-4B6C-ACE3-5E5DC40A6C92}.Release|Any CPU.ActiveCfg = Release|Any CPU
		{406C6633-0E74-4B6C-ACE3-5E5DC40A6C92}.Release|Any CPU.Build.0 = Release|Any CPU
	EndGlobalSection
	GlobalSection(SolutionProperties) = preSolution
		HideSolutionNode = FALSE
	EndGlobalSection
	GlobalSection(NestedProjects) = preSolution
		{6E23992A-8A85-49F1-A705-6B28F7A5F1DC} = {48D763BE-5112-4A94-AA2F-140576D50DD4}
		{897462BC-4FAE-4B76-B404-815D9985F391} = {48D763BE-5112-4A94-AA2F-140576D50DD4}
		{91E7473F-DD2A-4200-B41F-9305D8DA853A} = {6E23992A-8A85-49F1-A705-6B28F7A5F1DC}
		{4EB380DF-AC28-4387-9BB5-77570740DA92} = {625B340B-8DED-4E01-9252-49A01FD3AFE6}
		{827FE983-CB41-4775-8502-46D8A8DB7FCB} = {625B340B-8DED-4E01-9252-49A01FD3AFE6}
		{14BDE79B-8256-4F68-89E8-EA78153684F0} = {827FE983-CB41-4775-8502-46D8A8DB7FCB}
		{F941BDC1-AB3C-4FF0-87A7-6385DA9D74B6} = {48D763BE-5112-4A94-AA2F-140576D50DD4}
		{575FB7F3-4129-4E30-8EA6-8B03EA160DD5} = {02EA681E-C7D8-13C7-8484-4AC65E1B71E8}
		{7F392BF9-13C1-1B69-74EC-3F06F9E6B85E} = {02EA681E-C7D8-13C7-8484-4AC65E1B71E8}
		{DE4E21E3-587E-C981-4FEB-BBBE6369452E} = {02EA681E-C7D8-13C7-8484-4AC65E1B71E8}
		{406C6633-0E74-4B6C-ACE3-5E5DC40A6C92} = {575FB7F3-4129-4E30-8EA6-8B03EA160DD5}
	EndGlobalSection
	GlobalSection(ExtensibilityGlobals) = postSolution
		SolutionGuid = {9CF34144-3CDD-4955-B934-A5278D7A1139}
	EndGlobalSection
EndGlobal
