
Microsoft Visual Studio Solution File, Format Version 12.00
# Visual Studio Version 17
VisualStudioVersion = 17.3.32825.248
MinimumVisualStudioVersion = 10.0.40219.1
Project("{2150E333-8FDC-42A3-9474-1A3956D46DE8}") = "Base", "Base", "{48D763BE-5112-4A94-AA2F-140576D50DD4}"
EndProject
Project("{2150E333-8FDC-42A3-9474-1A3956D46DE8}") = "Tests", "Tests", "{6E23992A-8A85-49F1-A705-6B28F7A5F1DC}"
EndProject
Project("{9A19103F-16F7-4668-BE54-9A1E7A4F7556}") = "ThingsLibrary.Base", "Base\src\ThingsLibrary.Base\ThingsLibrary.Base.csproj", "{897462BC-4FAE-4B76-B404-815D9985F391}"
EndProject
Project("{9A19103F-16F7-4668-BE54-9A1E7A4F7556}") = "ThingsLibrary.Base.Tests", "Base\tests\ThingsLibrary.Base.Tests\ThingsLibrary.Base.Tests.csproj", "{91E7473F-DD2A-4200-B41F-9305D8DA853A}"
EndProject
Project("{2150E333-8FDC-42A3-9474-1A3956D46DE8}") = ".github", ".github", "{363AB45F-AE3E-4EF1-8FDA-846B982DDFEF}"
	ProjectSection(SolutionItems) = preProject
		.github\workflows\publish_nugets.yml = .github\workflows\publish_nugets.yml
		.github\workflows\pull_requests.yml = .github\workflows\pull_requests.yml
	EndProjectSection
EndProject
Project("{2150E333-8FDC-42A3-9474-1A3956D46DE8}") = "Services", "Services", "{B6219468-26C8-4B0E-AB9F-D06FC5BED113}"
EndProject
Project("{2150E333-8FDC-42A3-9474-1A3956D46DE8}") = "Tests", "Tests", "{F807700F-D771-4F0C-9A61-8817DA1D770B}"
EndProject
Project("{2150E333-8FDC-42A3-9474-1A3956D46DE8}") = "Security", "Security", "{625B340B-8DED-4E01-9252-49A01FD3AFE6}"
EndProject
Project("{9A19103F-16F7-4668-BE54-9A1E7A4F7556}") = "ThingsLibrary.Security.OAuth2", "Security\src\ThingsLibrary.Security.OAuth2\ThingsLibrary.Security.OAuth2.csproj", "{4EB380DF-AC28-4387-9BB5-77570740DA92}"
EndProject
Project("{2150E333-8FDC-42A3-9474-1A3956D46DE8}") = "Tests", "Tests", "{827FE983-CB41-4775-8502-46D8A8DB7FCB}"
EndProject
Project("{9A19103F-16F7-4668-BE54-9A1E7A4F7556}") = "ThingsLibrary.Security.OAuth2.Tests", "Security\tests\ThingsLibrary.Security.OAuth2.Tests\ThingsLibrary.Security.OAuth2.Tests.csproj", "{14BDE79B-8256-4F68-89E8-EA78153684F0}"
EndProject
Project("{9A19103F-16F7-4668-BE54-9A1E7A4F7556}") = "ThingsLibrary.Services", "Services\src\ThingsLibrary.Services\ThingsLibrary.Services.csproj", "{07DB7DD5-6AAC-4982-8411-8D1930A29375}"
EndProject
Project("{9A19103F-16F7-4668-BE54-9A1E7A4F7556}") = "ThingsLibrary.Services.Tests", "Services\tests\ThingsLibrary.Services.Tests\ThingsLibrary.Services.Tests.csproj", "{A8F03533-0BA7-40C4-9770-C0EF4A7E1692}"
EndProject
Project("{2150E333-8FDC-42A3-9474-1A3956D46DE8}") = "Storage", "Storage", "{F2EB0266-EB80-473F-99E4-6F282BECAA7A}"
EndProject
Project("{9A19103F-16F7-4668-BE54-9A1E7A4F7556}") = "ThingsLibrary.Storage", "Storage\src\ThingsLibrary.Storage\ThingsLibrary.Storage.csproj", "{B9EBE159-A07C-40DF-9DD1-DB91906982CA}"
EndProject
Project("{9A19103F-16F7-4668-BE54-9A1E7A4F7556}") = "ThingsLibrary.Storage.Azure", "Storage\src\ThingsLibrary.Storage.Azure\ThingsLibrary.Storage.Azure.csproj", "{06028A42-648D-44A6-B394-5B430C73BA60}"
EndProject
Project("{9A19103F-16F7-4668-BE54-9A1E7A4F7556}") = "ThingsLibrary.Storage.Local", "Storage\src\ThingsLibrary.Storage.Local\ThingsLibrary.Storage.Local.csproj", "{9E948F7D-F92C-4B57-AD45-92305A8821C8}"
EndProject
Project("{9A19103F-16F7-4668-BE54-9A1E7A4F7556}") = "ThingsLibrary.Storage.Aws", "Storage\src\ThingsLibrary.Storage.Aws\ThingsLibrary.Storage.Aws.csproj", "{FA9BD6A7-4772-48F8-9D31-A68EFC45BC92}"
EndProject
Project("{2150E333-8FDC-42A3-9474-1A3956D46DE8}") = "Tests", "Tests", "{7B9FD227-982B-46A0-B77B-07A2173101DE}"
EndProject
Project("{9A19103F-16F7-4668-BE54-9A1E7A4F7556}") = "ThingsLibrary.Storage.Tests", "Storage\tests\ThingsLibrary.Storage.Tests\ThingsLibrary.Storage.Tests.csproj", "{0C6BD7E6-CDD3-43C0-AAD7-5E2ED5C3C74A}"
EndProject
Project("{9A19103F-16F7-4668-BE54-9A1E7A4F7556}") = "ThingsLibrary.Storage.Tests.Integration", "Storage\tests-integration\ThingsLibrary.Storage.Tests.Integration\ThingsLibrary.Storage.Tests.Integration.csproj", "{9DA5B65C-8322-4AC7-BA65-2A4A0ED2473B}"
EndProject
Project("{9A19103F-16F7-4668-BE54-9A1E7A4F7556}") = "ThingsLibrary.Storage.Tests.Integration.Azure", "Storage\tests-integration\ThingsLibrary.Storage.Tests.Integration.Azure\ThingsLibrary.Storage.Tests.Integration.Azure.csproj", "{F49205B1-74ED-4B43-9A08-7C0DD4DB70D5}"
EndProject
Project("{9A19103F-16F7-4668-BE54-9A1E7A4F7556}") = "ThingsLibrary.Testing", "Base\src\ThingsLibrary.Testing\ThingsLibrary.Testing.csproj", "{F941BDC1-AB3C-4FF0-87A7-6385DA9D74B6}"
EndProject
Project("{9A19103F-16F7-4668-BE54-9A1E7A4F7556}") = "ThingsLibrary.Storage.Tests.Integration.Aws", "Storage\tests-integration\ThingsLibrary.Storage.Tests.Integration.Aws\ThingsLibrary.Storage.Tests.Integration.Aws.csproj", "{E8EA0FBD-1D39-4C16-8D19-594FFBF9C177}"
EndProject
Project("{9A19103F-16F7-4668-BE54-9A1E7A4F7556}") = "ThingsLibrary.Storage.Tests.Integration.Local", "Storage\tests-integration\ThingsLibrary.Storage.Tests.Integration.Local\ThingsLibrary.Storage.Tests.Integration.Local.csproj", "{6835B9D9-0E31-413F-9D9A-9D4BFCC629DD}"
EndProject
Project("{9A19103F-16F7-4668-BE54-9A1E7A4F7556}") = "ThingsLibrary.Storage.Gcp", "Storage\src\ThingsLibrary.Storage.Gcp\ThingsLibrary.Storage.Gcp.csproj", "{225A426B-DB8C-4F79-A18A-E06F79316CB6}"
EndProject
Project("{9A19103F-16F7-4668-BE54-9A1E7A4F7556}") = "ThingsLibrary.Storage.Tests.Integration.Gcp", "Storage\tests-integration\ThingsLibrary.Storage.Tests.Integration.Gcp\ThingsLibrary.Storage.Tests.Integration.Gcp.csproj", "{2579A66E-FE19-4C64-B3D7-76E179054E3D}"
EndProject
Project("{2150E333-8FDC-42A3-9474-1A3956D46DE8}") = "Database", "Database", "{1165BBCD-EEC8-4F1D-B3D1-38F6B6260186}"
EndProject
Project("{2150E333-8FDC-42A3-9474-1A3956D46DE8}") = "Tests", "Tests", "{3648B68B-355A-452E-A821-65ED099135B2}"
EndProject
Project("{9A19103F-16F7-4668-BE54-9A1E7A4F7556}") = "ThingsLibrary.Database", "Database\src\ThingsLibrary.Database\ThingsLibrary.Database.csproj", "{A77B5D05-E3BF-42AF-A609-5E248A2CB460}"
EndProject
Project("{9A19103F-16F7-4668-BE54-9A1E7A4F7556}") = "ThingsLibrary.Database.Tests", "Database\tests\ThingsLibrary.Database.Tests\ThingsLibrary.Database.Tests.csproj", "{9261F77F-6F37-4668-A1B4-F883A7CA9882}"
EndProject
Global
	GlobalSection(SolutionConfigurationPlatforms) = preSolution
		Debug|Any CPU = Debug|Any CPU
		Release|Any CPU = Release|Any CPU
	EndGlobalSection
	GlobalSection(ProjectConfigurationPlatforms) = postSolution
		{897462BC-4FAE-4B76-B404-815D9985F391}.Debug|Any CPU.ActiveCfg = Debug|Any CPU
		{897462BC-4FAE-4B76-B404-815D9985F391}.Debug|Any CPU.Build.0 = Debug|Any CPU
		{897462BC-4FAE-4B76-B404-815D9985F391}.Release|Any CPU.ActiveCfg = Release|Any CPU
		{897462BC-4FAE-4B76-B404-815D9985F391}.Release|Any CPU.Build.0 = Release|Any CPU
		{91E7473F-DD2A-4200-B41F-9305D8DA853A}.Debug|Any CPU.ActiveCfg = Debug|Any CPU
		{91E7473F-DD2A-4200-B41F-9305D8DA853A}.Debug|Any CPU.Build.0 = Debug|Any CPU
		{91E7473F-DD2A-4200-B41F-9305D8DA853A}.Release|Any CPU.ActiveCfg = Release|Any CPU
		{91E7473F-DD2A-4200-B41F-9305D8DA853A}.Release|Any CPU.Build.0 = Release|Any CPU
		{4EB380DF-AC28-4387-9BB5-77570740DA92}.Debug|Any CPU.ActiveCfg = Debug|Any CPU
		{4EB380DF-AC28-4387-9BB5-77570740DA92}.Debug|Any CPU.Build.0 = Debug|Any CPU
		{4EB380DF-AC28-4387-9BB5-77570740DA92}.Release|Any CPU.ActiveCfg = Release|Any CPU
		{4EB380DF-AC28-4387-9BB5-77570740DA92}.Release|Any CPU.Build.0 = Release|Any CPU
		{14BDE79B-8256-4F68-89E8-EA78153684F0}.Debug|Any CPU.ActiveCfg = Debug|Any CPU
		{14BDE79B-8256-4F68-89E8-EA78153684F0}.Debug|Any CPU.Build.0 = Debug|Any CPU
		{14BDE79B-8256-4F68-89E8-EA78153684F0}.Release|Any CPU.ActiveCfg = Release|Any CPU
		{14BDE79B-8256-4F68-89E8-EA78153684F0}.Release|Any CPU.Build.0 = Release|Any CPU
		{07DB7DD5-6AAC-4982-8411-8D1930A29375}.Debug|Any CPU.ActiveCfg = Debug|Any CPU
		{07DB7DD5-6AAC-4982-8411-8D1930A29375}.Debug|Any CPU.Build.0 = Debug|Any CPU
		{07DB7DD5-6AAC-4982-8411-8D1930A29375}.Release|Any CPU.ActiveCfg = Release|Any CPU
		{07DB7DD5-6AAC-4982-8411-8D1930A29375}.Release|Any CPU.Build.0 = Release|Any CPU
		{A8F03533-0BA7-40C4-9770-C0EF4A7E1692}.Debug|Any CPU.ActiveCfg = Debug|Any CPU
		{A8F03533-0BA7-40C4-9770-C0EF4A7E1692}.Debug|Any CPU.Build.0 = Debug|Any CPU
		{A8F03533-0BA7-40C4-9770-C0EF4A7E1692}.Release|Any CPU.ActiveCfg = Release|Any CPU
		{A8F03533-0BA7-40C4-9770-C0EF4A7E1692}.Release|Any CPU.Build.0 = Release|Any CPU
		{B9EBE159-A07C-40DF-9DD1-DB91906982CA}.Debug|Any CPU.ActiveCfg = Debug|Any CPU
		{B9EBE159-A07C-40DF-9DD1-DB91906982CA}.Debug|Any CPU.Build.0 = Debug|Any CPU
		{B9EBE159-A07C-40DF-9DD1-DB91906982CA}.Release|Any CPU.ActiveCfg = Release|Any CPU
		{B9EBE159-A07C-40DF-9DD1-DB91906982CA}.Release|Any CPU.Build.0 = Release|Any CPU
		{06028A42-648D-44A6-B394-5B430C73BA60}.Debug|Any CPU.ActiveCfg = Debug|Any CPU
		{06028A42-648D-44A6-B394-5B430C73BA60}.Debug|Any CPU.Build.0 = Debug|Any CPU
		{06028A42-648D-44A6-B394-5B430C73BA60}.Release|Any CPU.ActiveCfg = Release|Any CPU
		{06028A42-648D-44A6-B394-5B430C73BA60}.Release|Any CPU.Build.0 = Release|Any CPU
		{9E948F7D-F92C-4B57-AD45-92305A8821C8}.Debug|Any CPU.ActiveCfg = Debug|Any CPU
		{9E948F7D-F92C-4B57-AD45-92305A8821C8}.Debug|Any CPU.Build.0 = Debug|Any CPU
		{9E948F7D-F92C-4B57-AD45-92305A8821C8}.Release|Any CPU.ActiveCfg = Release|Any CPU
		{9E948F7D-F92C-4B57-AD45-92305A8821C8}.Release|Any CPU.Build.0 = Release|Any CPU
		{FA9BD6A7-4772-48F8-9D31-A68EFC45BC92}.Debug|Any CPU.ActiveCfg = Debug|Any CPU
		{FA9BD6A7-4772-48F8-9D31-A68EFC45BC92}.Debug|Any CPU.Build.0 = Debug|Any CPU
		{FA9BD6A7-4772-48F8-9D31-A68EFC45BC92}.Release|Any CPU.ActiveCfg = Release|Any CPU
		{FA9BD6A7-4772-48F8-9D31-A68EFC45BC92}.Release|Any CPU.Build.0 = Release|Any CPU
		{0C6BD7E6-CDD3-43C0-AAD7-5E2ED5C3C74A}.Debug|Any CPU.ActiveCfg = Debug|Any CPU
		{0C6BD7E6-CDD3-43C0-AAD7-5E2ED5C3C74A}.Debug|Any CPU.Build.0 = Debug|Any CPU
		{0C6BD7E6-CDD3-43C0-AAD7-5E2ED5C3C74A}.Release|Any CPU.ActiveCfg = Release|Any CPU
		{0C6BD7E6-CDD3-43C0-AAD7-5E2ED5C3C74A}.Release|Any CPU.Build.0 = Release|Any CPU
		{9DA5B65C-8322-4AC7-BA65-2A4A0ED2473B}.Debug|Any CPU.ActiveCfg = Debug|Any CPU
		{9DA5B65C-8322-4AC7-BA65-2A4A0ED2473B}.Debug|Any CPU.Build.0 = Debug|Any CPU
		{9DA5B65C-8322-4AC7-BA65-2A4A0ED2473B}.Release|Any CPU.ActiveCfg = Release|Any CPU
		{9DA5B65C-8322-4AC7-BA65-2A4A0ED2473B}.Release|Any CPU.Build.0 = Release|Any CPU
		{F49205B1-74ED-4B43-9A08-7C0DD4DB70D5}.Debug|Any CPU.ActiveCfg = Debug|Any CPU
		{F49205B1-74ED-4B43-9A08-7C0DD4DB70D5}.Debug|Any CPU.Build.0 = Debug|Any CPU
		{F49205B1-74ED-4B43-9A08-7C0DD4DB70D5}.Release|Any CPU.ActiveCfg = Release|Any CPU
		{F49205B1-74ED-4B43-9A08-7C0DD4DB70D5}.Release|Any CPU.Build.0 = Release|Any CPU
		{F941BDC1-AB3C-4FF0-87A7-6385DA9D74B6}.Debug|Any CPU.ActiveCfg = Debug|Any CPU
		{F941BDC1-AB3C-4FF0-87A7-6385DA9D74B6}.Debug|Any CPU.Build.0 = Debug|Any CPU
		{F941BDC1-AB3C-4FF0-87A7-6385DA9D74B6}.Release|Any CPU.ActiveCfg = Release|Any CPU
		{F941BDC1-AB3C-4FF0-87A7-6385DA9D74B6}.Release|Any CPU.Build.0 = Release|Any CPU
		{E8EA0FBD-1D39-4C16-8D19-594FFBF9C177}.Debug|Any CPU.ActiveCfg = Debug|Any CPU
		{E8EA0FBD-1D39-4C16-8D19-594FFBF9C177}.Debug|Any CPU.Build.0 = Debug|Any CPU
		{E8EA0FBD-1D39-4C16-8D19-594FFBF9C177}.Release|Any CPU.ActiveCfg = Release|Any CPU
		{E8EA0FBD-1D39-4C16-8D19-594FFBF9C177}.Release|Any CPU.Build.0 = Release|Any CPU
		{6835B9D9-0E31-413F-9D9A-9D4BFCC629DD}.Debug|Any CPU.ActiveCfg = Debug|Any CPU
		{6835B9D9-0E31-413F-9D9A-9D4BFCC629DD}.Debug|Any CPU.Build.0 = Debug|Any CPU
		{6835B9D9-0E31-413F-9D9A-9D4BFCC629DD}.Release|Any CPU.ActiveCfg = Release|Any CPU
		{6835B9D9-0E31-413F-9D9A-9D4BFCC629DD}.Release|Any CPU.Build.0 = Release|Any CPU
		{225A426B-DB8C-4F79-A18A-E06F79316CB6}.Debug|Any CPU.ActiveCfg = Debug|Any CPU
		{225A426B-DB8C-4F79-A18A-E06F79316CB6}.Debug|Any CPU.Build.0 = Debug|Any CPU
		{225A426B-DB8C-4F79-A18A-E06F79316CB6}.Release|Any CPU.ActiveCfg = Release|Any CPU
		{225A426B-DB8C-4F79-A18A-E06F79316CB6}.Release|Any CPU.Build.0 = Release|Any CPU
		{2579A66E-FE19-4C64-B3D7-76E179054E3D}.Debug|Any CPU.ActiveCfg = Debug|Any CPU
		{2579A66E-FE19-4C64-B3D7-76E179054E3D}.Debug|Any CPU.Build.0 = Debug|Any CPU
		{2579A66E-FE19-4C64-B3D7-76E179054E3D}.Release|Any CPU.ActiveCfg = Release|Any CPU
		{2579A66E-FE19-4C64-B3D7-76E179054E3D}.Release|Any CPU.Build.0 = Release|Any CPU
		{A77B5D05-E3BF-42AF-A609-5E248A2CB460}.Debug|Any CPU.ActiveCfg = Debug|Any CPU
		{A77B5D05-E3BF-42AF-A609-5E248A2CB460}.Debug|Any CPU.Build.0 = Debug|Any CPU
		{A77B5D05-E3BF-42AF-A609-5E248A2CB460}.Release|Any CPU.ActiveCfg = Release|Any CPU
		{A77B5D05-E3BF-42AF-A609-5E248A2CB460}.Release|Any CPU.Build.0 = Release|Any CPU
		{9261F77F-6F37-4668-A1B4-F883A7CA9882}.Debug|Any CPU.ActiveCfg = Debug|Any CPU
		{9261F77F-6F37-4668-A1B4-F883A7CA9882}.Debug|Any CPU.Build.0 = Debug|Any CPU
		{9261F77F-6F37-4668-A1B4-F883A7CA9882}.Release|Any CPU.ActiveCfg = Release|Any CPU
		{9261F77F-6F37-4668-A1B4-F883A7CA9882}.Release|Any CPU.Build.0 = Release|Any CPU
	EndGlobalSection
	GlobalSection(SolutionProperties) = preSolution
		HideSolutionNode = FALSE
	EndGlobalSection
	GlobalSection(NestedProjects) = preSolution
		{6E23992A-8A85-49F1-A705-6B28F7A5F1DC} = {48D763BE-5112-4A94-AA2F-140576D50DD4}
		{897462BC-4FAE-4B76-B404-815D9985F391} = {48D763BE-5112-4A94-AA2F-140576D50DD4}
		{91E7473F-DD2A-4200-B41F-9305D8DA853A} = {6E23992A-8A85-49F1-A705-6B28F7A5F1DC}
		{F807700F-D771-4F0C-9A61-8817DA1D770B} = {B6219468-26C8-4B0E-AB9F-D06FC5BED113}
		{4EB380DF-AC28-4387-9BB5-77570740DA92} = {625B340B-8DED-4E01-9252-49A01FD3AFE6}
		{827FE983-CB41-4775-8502-46D8A8DB7FCB} = {625B340B-8DED-4E01-9252-49A01FD3AFE6}
		{14BDE79B-8256-4F68-89E8-EA78153684F0} = {827FE983-CB41-4775-8502-46D8A8DB7FCB}
		{07DB7DD5-6AAC-4982-8411-8D1930A29375} = {B6219468-26C8-4B0E-AB9F-D06FC5BED113}
		{A8F03533-0BA7-40C4-9770-C0EF4A7E1692} = {F807700F-D771-4F0C-9A61-8817DA1D770B}
		{B9EBE159-A07C-40DF-9DD1-DB91906982CA} = {F2EB0266-EB80-473F-99E4-6F282BECAA7A}
		{06028A42-648D-44A6-B394-5B430C73BA60} = {F2EB0266-EB80-473F-99E4-6F282BECAA7A}
		{9E948F7D-F92C-4B57-AD45-92305A8821C8} = {F2EB0266-EB80-473F-99E4-6F282BECAA7A}
		{FA9BD6A7-4772-48F8-9D31-A68EFC45BC92} = {F2EB0266-EB80-473F-99E4-6F282BECAA7A}
		{7B9FD227-982B-46A0-B77B-07A2173101DE} = {F2EB0266-EB80-473F-99E4-6F282BECAA7A}
		{0C6BD7E6-CDD3-43C0-AAD7-5E2ED5C3C74A} = {7B9FD227-982B-46A0-B77B-07A2173101DE}
		{9DA5B65C-8322-4AC7-BA65-2A4A0ED2473B} = {7B9FD227-982B-46A0-B77B-07A2173101DE}
		{F49205B1-74ED-4B43-9A08-7C0DD4DB70D5} = {7B9FD227-982B-46A0-B77B-07A2173101DE}
		{F941BDC1-AB3C-4FF0-87A7-6385DA9D74B6} = {48D763BE-5112-4A94-AA2F-140576D50DD4}
		{E8EA0FBD-1D39-4C16-8D19-594FFBF9C177} = {7B9FD227-982B-46A0-B77B-07A2173101DE}
		{6835B9D9-0E31-413F-9D9A-9D4BFCC629DD} = {7B9FD227-982B-46A0-B77B-07A2173101DE}
		{225A426B-DB8C-4F79-A18A-E06F79316CB6} = {F2EB0266-EB80-473F-99E4-6F282BECAA7A}
		{2579A66E-FE19-4C64-B3D7-76E179054E3D} = {7B9FD227-982B-46A0-B77B-07A2173101DE}
		{3648B68B-355A-452E-A821-65ED099135B2} = {1165BBCD-EEC8-4F1D-B3D1-38F6B6260186}
		{A77B5D05-E3BF-42AF-A609-5E248A2CB460} = {1165BBCD-EEC8-4F1D-B3D1-38F6B6260186}
		{9261F77F-6F37-4668-A1B4-F883A7CA9882} = {3648B68B-355A-452E-A821-65ED099135B2}
	EndGlobalSection
	GlobalSection(ExtensibilityGlobals) = postSolution
		SolutionGuid = {9CF34144-3CDD-4955-B934-A5278D7A1139}
	EndGlobalSection
EndGlobal
