
Microsoft Visual Studio Solution File, Format Version 12.00
# Visual Studio Version 17
VisualStudioVersion = 17.3.32825.248
MinimumVisualStudioVersion = 10.0.40219.1
Project("{2150E333-8FDC-42A3-9474-1A3956D46DE8}") = "Base", "Base", "{48D763BE-5112-4A94-AA2F-140576D50DD4}"
EndProject
Project("{2150E333-8FDC-42A3-9474-1A3956D46DE8}") = "Entity", "Entity", "{FC1D0EA4-C6B2-423D-8009-A113373D959A}"
EndProject
Project("{2150E333-8FDC-42A3-9474-1A3956D46DE8}") = "Tests", "Tests", "{928CEC5B-82AD-49EA-9C25-5692112F96D0}"
EndProject
Project("{9A19103F-16F7-4668-BE54-9A1E7A4F7556}") = "ThingsLibrary.Base", "..\Base\src\ThingsLibrary.Base\ThingsLibrary.Base.csproj", "{2834DB5B-DD2A-42F2-A00C-AE9ED9CA9D7B}"
EndProject
Project("{9A19103F-16F7-4668-BE54-9A1E7A4F7556}") = "ThingsLibrary.Testing", "..\Base\src\ThingsLibrary.Testing\ThingsLibrary.Testing.csproj", "{3A78982B-63C9-44EA-BE30-B99A144A7FC6}"
EndProject
Project("{9A19103F-16F7-4668-BE54-9A1E7A4F7556}") = "ThingsLibrary.Entity", "src\ThingsLibrary.Entity\ThingsLibrary.Entity.csproj", "{41F33C2A-6CF2-4541-95C4-308D62D66740}"
EndProject
Project("{9A19103F-16F7-4668-BE54-9A1E7A4F7556}") = "ThingsLibrary.Entity.AzureTable", "src\ThingsLibrary.Entity.AzureTable\ThingsLibrary.Entity.AzureTable.csproj", "{927F03E2-C149-46DB-B17F-5BCB983F03DB}"
EndProject
Project("{9A19103F-16F7-4668-BE54-9A1E7A4F7556}") = "ThingsLibrary.Entity.Mongo", "src\ThingsLibrary.Entity.Mongo\ThingsLibrary.Entity.Mongo.csproj", "{6524CEE9-2E21-41C9-94A2-DA48D0413DE3}"
EndProject
Project("{9A19103F-16F7-4668-BE54-9A1E7A4F7556}") = "ThingsLibrary.Entity.Tests", "tests\ThingsLibrary.Entity.Tests\ThingsLibrary.Entity.Tests.csproj", "{B173C868-A867-4A5D-B4B4-90462B759EBA}"
EndProject
Project("{9A19103F-16F7-4668-BE54-9A1E7A4F7556}") = "ThingsLibrary.Entity.Tests.Integration", "tests-integration\ThingsLibrary.Entity.Tests.Integration\ThingsLibrary.Entity.Tests.Integration.csproj", "{DA6F6CE3-B507-49F6-AC93-8BD3F6DAAB87}"
EndProject
Project("{9A19103F-16F7-4668-BE54-9A1E7A4F7556}") = "ThingsLibrary.Entity.Tests.Integration.AzureTable", "tests-integration\ThingsLibrary.Entity.Tests.Integration.AzureTable\ThingsLibrary.Entity.Tests.Integration.AzureTable.csproj", "{B460F2EA-5A3C-4159-8C0E-AAF64A5CCDC6}"
EndProject
Project("{9A19103F-16F7-4668-BE54-9A1E7A4F7556}") = "ThingsLibrary.Entity.Tests.Integration.Mongo", "tests-integration\ThingsLibrary.Entity.Tests.Integration.Mongo\ThingsLibrary.Entity.Tests.Integration.Mongo.csproj", "{206B16EC-668A-4495-B5C0-C9DD0FA7E2FE}"
EndProject
Project("{9A19103F-16F7-4668-BE54-9A1E7A4F7556}") = "EntityTester", "samples\EntityTester\EntityTester.csproj", "{AB5CF906-2274-40AE-A074-D96C0F063A12}"
EndProject
Global
	GlobalSection(SolutionConfigurationPlatforms) = preSolution
		Debug|Any CPU = Debug|Any CPU
		Release|Any CPU = Release|Any CPU
	EndGlobalSection
	GlobalSection(ProjectConfigurationPlatforms) = postSolution
		{2834DB5B-DD2A-42F2-A00C-AE9ED9CA9D7B}.Debug|Any CPU.ActiveCfg = Debug|Any CPU
		{2834DB5B-DD2A-42F2-A00C-AE9ED9CA9D7B}.Debug|Any CPU.Build.0 = Debug|Any CPU
		{2834DB5B-DD2A-42F2-A00C-AE9ED9CA9D7B}.Release|Any CPU.ActiveCfg = Release|Any CPU
		{2834DB5B-DD2A-42F2-A00C-AE9ED9CA9D7B}.Release|Any CPU.Build.0 = Release|Any CPU
		{3A78982B-63C9-44EA-BE30-B99A144A7FC6}.Debug|Any CPU.ActiveCfg = Debug|Any CPU
		{3A78982B-63C9-44EA-BE30-B99A144A7FC6}.Debug|Any CPU.Build.0 = Debug|Any CPU
		{3A78982B-63C9-44EA-BE30-B99A144A7FC6}.Release|Any CPU.ActiveCfg = Release|Any CPU
		{3A78982B-63C9-44EA-BE30-B99A144A7FC6}.Release|Any CPU.Build.0 = Release|Any CPU
		{41F33C2A-6CF2-4541-95C4-308D62D66740}.Debug|Any CPU.ActiveCfg = Debug|Any CPU
		{41F33C2A-6CF2-4541-95C4-308D62D66740}.Debug|Any CPU.Build.0 = Debug|Any CPU
		{41F33C2A-6CF2-4541-95C4-308D62D66740}.Release|Any CPU.ActiveCfg = Release|Any CPU
		{41F33C2A-6CF2-4541-95C4-308D62D66740}.Release|Any CPU.Build.0 = Release|Any CPU
		{927F03E2-C149-46DB-B17F-5BCB983F03DB}.Debug|Any CPU.ActiveCfg = Debug|Any CPU
		{927F03E2-C149-46DB-B17F-5BCB983F03DB}.Debug|Any CPU.Build.0 = Debug|Any CPU
		{927F03E2-C149-46DB-B17F-5BCB983F03DB}.Release|Any CPU.ActiveCfg = Release|Any CPU
		{927F03E2-C149-46DB-B17F-5BCB983F03DB}.Release|Any CPU.Build.0 = Release|Any CPU
		{6524CEE9-2E21-41C9-94A2-DA48D0413DE3}.Debug|Any CPU.ActiveCfg = Debug|Any CPU
		{6524CEE9-2E21-41C9-94A2-DA48D0413DE3}.Debug|Any CPU.Build.0 = Debug|Any CPU
		{6524CEE9-2E21-41C9-94A2-DA48D0413DE3}.Release|Any CPU.ActiveCfg = Release|Any CPU
		{6524CEE9-2E21-41C9-94A2-DA48D0413DE3}.Release|Any CPU.Build.0 = Release|Any CPU
		{B173C868-A867-4A5D-B4B4-90462B759EBA}.Debug|Any CPU.ActiveCfg = Debug|Any CPU
		{B173C868-A867-4A5D-B4B4-90462B759EBA}.Debug|Any CPU.Build.0 = Debug|Any CPU
		{B173C868-A867-4A5D-B4B4-90462B759EBA}.Release|Any CPU.ActiveCfg = Release|Any CPU
		{B173C868-A867-4A5D-B4B4-90462B759EBA}.Release|Any CPU.Build.0 = Release|Any CPU
		{DA6F6CE3-B507-49F6-AC93-8BD3F6DAAB87}.Debug|Any CPU.ActiveCfg = Debug|Any CPU
		{DA6F6CE3-B507-49F6-AC93-8BD3F6DAAB87}.Debug|Any CPU.Build.0 = Debug|Any CPU
		{DA6F6CE3-B507-49F6-AC93-8BD3F6DAAB87}.Release|Any CPU.ActiveCfg = Release|Any CPU
		{DA6F6CE3-B507-49F6-AC93-8BD3F6DAAB87}.Release|Any CPU.Build.0 = Release|Any CPU
		{B460F2EA-5A3C-4159-8C0E-AAF64A5CCDC6}.Debug|Any CPU.ActiveCfg = Debug|Any CPU
		{B460F2EA-5A3C-4159-8C0E-AAF64A5CCDC6}.Debug|Any CPU.Build.0 = Debug|Any CPU
		{B460F2EA-5A3C-4159-8C0E-AAF64A5CCDC6}.Release|Any CPU.ActiveCfg = Release|Any CPU
		{B460F2EA-5A3C-4159-8C0E-AAF64A5CCDC6}.Release|Any CPU.Build.0 = Release|Any CPU
		{206B16EC-668A-4495-B5C0-C9DD0FA7E2FE}.Debug|Any CPU.ActiveCfg = Debug|Any CPU
		{206B16EC-668A-4495-B5C0-C9DD0FA7E2FE}.Debug|Any CPU.Build.0 = Debug|Any CPU
		{206B16EC-668A-4495-B5C0-C9DD0FA7E2FE}.Release|Any CPU.ActiveCfg = Release|Any CPU
		{206B16EC-668A-4495-B5C0-C9DD0FA7E2FE}.Release|Any CPU.Build.0 = Release|Any CPU
		{AB5CF906-2274-40AE-A074-D96C0F063A12}.Debug|Any CPU.ActiveCfg = Debug|Any CPU
		{AB5CF906-2274-40AE-A074-D96C0F063A12}.Debug|Any CPU.Build.0 = Debug|Any CPU
		{AB5CF906-2274-40AE-A074-D96C0F063A12}.Release|Any CPU.ActiveCfg = Release|Any CPU
		{AB5CF906-2274-40AE-A074-D96C0F063A12}.Release|Any CPU.Build.0 = Release|Any CPU
	EndGlobalSection
	GlobalSection(SolutionProperties) = preSolution
		HideSolutionNode = FALSE
	EndGlobalSection
	GlobalSection(NestedProjects) = preSolution
		{928CEC5B-82AD-49EA-9C25-5692112F96D0} = {FC1D0EA4-C6B2-423D-8009-A113373D959A}
		{2834DB5B-DD2A-42F2-A00C-AE9ED9CA9D7B} = {48D763BE-5112-4A94-AA2F-140576D50DD4}
		{3A78982B-63C9-44EA-BE30-B99A144A7FC6} = {48D763BE-5112-4A94-AA2F-140576D50DD4}
		{41F33C2A-6CF2-4541-95C4-308D62D66740} = {FC1D0EA4-C6B2-423D-8009-A113373D959A}
		{927F03E2-C149-46DB-B17F-5BCB983F03DB} = {FC1D0EA4-C6B2-423D-8009-A113373D959A}
		{6524CEE9-2E21-41C9-94A2-DA48D0413DE3} = {FC1D0EA4-C6B2-423D-8009-A113373D959A}
		{B173C868-A867-4A5D-B4B4-90462B759EBA} = {928CEC5B-82AD-49EA-9C25-5692112F96D0}
		{DA6F6CE3-B507-49F6-AC93-8BD3F6DAAB87} = {928CEC5B-82AD-49EA-9C25-5692112F96D0}
		{B460F2EA-5A3C-4159-8C0E-AAF64A5CCDC6} = {928CEC5B-82AD-49EA-9C25-5692112F96D0}
		{206B16EC-668A-4495-B5C0-C9DD0FA7E2FE} = {928CEC5B-82AD-49EA-9C25-5692112F96D0}
		{AB5CF906-2274-40AE-A074-D96C0F063A12} = {928CEC5B-82AD-49EA-9C25-5692112F96D0}
	EndGlobalSection
	GlobalSection(ExtensibilityGlobals) = postSolution
		SolutionGuid = {9CF34144-3CDD-4955-B934-A5278D7A1139}
	EndGlobalSection
EndGlobal
