
Microsoft Visual Studio Solution File, Format Version 12.00
# Visual Studio Version 17
VisualStudioVersion = 17.3.32825.248
MinimumVisualStudioVersion = 10.0.40219.1
Project("{9A19103F-16F7-4668-BE54-9A1E7A4F7556}") = "ThingsLibrary.Base.Tests", "tests\ThingsLibrary.Base.Tests\ThingsLibrary.Base.Tests.csproj", "{3095774D-17B9-4EAA-B5A4-9EABC53CAA4E}"
EndProject
Project("{2150E333-8FDC-42A3-9474-1A3956D46DE8}") = "Tests", "Tests", "{50785E5C-B62C-4683-BC65-58FE6B1231B2}"
EndProject
Project("{9A19103F-16F7-4668-BE54-9A1E7A4F7556}") = "ThingsLibrary.Scheduler.Tests", "tests\ThingsLibrary.Scheduler.Tests\ThingsLibrary.Scheduler.Tests.csproj", "{1D0601BA-0E10-40ED-A7E9-6865C4D4C7F9}"
EndProject
Project("{9A19103F-16F7-4668-BE54-9A1E7A4F7556}") = "ThingsLibrary.Testing.Tests", "tests\ThingsLibrary.Testing.Tests\ThingsLibrary.Testing.Tests.csproj", "{430524A0-19B1-4222-83EB-8848AAF7457D}"
EndProject
Project("{9A19103F-16F7-4668-BE54-9A1E7A4F7556}") = "ThingsLibrary.Services", "src\ThingsLibrary.Services\ThingsLibrary.Services.csproj", "{6E1E2E8A-5917-48D7-A07D-505F6A616430}"
EndProject
Project("{2150E333-8FDC-42A3-9474-1A3956D46DE8}") = "Base", "Base", "{79DA89B4-2395-4406-BEA7-A4F220F6CB8F}"
EndProject
Project("{9A19103F-16F7-4668-BE54-9A1E7A4F7556}") = "ThingsLibrary.Base", "..\Base\src\ThingsLibrary.Base\ThingsLibrary.Base.csproj", "{02893DF5-1A9C-4184-B932-A996EE72B03C}"
EndProject
Global
	GlobalSection(SolutionConfigurationPlatforms) = preSolution
		Debug|Any CPU = Debug|Any CPU
		Release|Any CPU = Release|Any CPU
	EndGlobalSection
	GlobalSection(ProjectConfigurationPlatforms) = postSolution
		{3095774D-17B9-4EAA-B5A4-9EABC53CAA4E}.Debug|Any CPU.ActiveCfg = Debug|Any CPU
		{3095774D-17B9-4EAA-B5A4-9EABC53CAA4E}.Debug|Any CPU.Build.0 = Debug|Any CPU
		{3095774D-17B9-4EAA-B5A4-9EABC53CAA4E}.Release|Any CPU.ActiveCfg = Release|Any CPU
		{3095774D-17B9-4EAA-B5A4-9EABC53CAA4E}.Release|Any CPU.Build.0 = Release|Any CPU
		{1D0601BA-0E10-40ED-A7E9-6865C4D4C7F9}.Debug|Any CPU.ActiveCfg = Debug|Any CPU
		{1D0601BA-0E10-40ED-A7E9-6865C4D4C7F9}.Debug|Any CPU.Build.0 = Debug|Any CPU
		{1D0601BA-0E10-40ED-A7E9-6865C4D4C7F9}.Release|Any CPU.ActiveCfg = Release|Any CPU
		{1D0601BA-0E10-40ED-A7E9-6865C4D4C7F9}.Release|Any CPU.Build.0 = Release|Any CPU
		{430524A0-19B1-4222-83EB-8848AAF7457D}.Debug|Any CPU.ActiveCfg = Debug|Any CPU
		{430524A0-19B1-4222-83EB-8848AAF7457D}.Debug|Any CPU.Build.0 = Debug|Any CPU
		{430524A0-19B1-4222-83EB-8848AAF7457D}.Release|Any CPU.ActiveCfg = Release|Any CPU
		{430524A0-19B1-4222-83EB-8848AAF7457D}.Release|Any CPU.Build.0 = Release|Any CPU
		{6E1E2E8A-5917-48D7-A07D-505F6A616430}.Debug|Any CPU.ActiveCfg = Debug|Any CPU
		{6E1E2E8A-5917-48D7-A07D-505F6A616430}.Debug|Any CPU.Build.0 = Debug|Any CPU
		{6E1E2E8A-5917-48D7-A07D-505F6A616430}.Release|Any CPU.ActiveCfg = Release|Any CPU
		{6E1E2E8A-5917-48D7-A07D-505F6A616430}.Release|Any CPU.Build.0 = Release|Any CPU
		{02893DF5-1A9C-4184-B932-A996EE72B03C}.Debug|Any CPU.ActiveCfg = Debug|Any CPU
		{02893DF5-1A9C-4184-B932-A996EE72B03C}.Debug|Any CPU.Build.0 = Debug|Any CPU
		{02893DF5-1A9C-4184-B932-A996EE72B03C}.Release|Any CPU.ActiveCfg = Release|Any CPU
		{02893DF5-1A9C-4184-B932-A996EE72B03C}.Release|Any CPU.Build.0 = Release|Any CPU
	EndGlobalSection
	GlobalSection(SolutionProperties) = preSolution
		HideSolutionNode = FALSE
	EndGlobalSection
	GlobalSection(NestedProjects) = preSolution
		{3095774D-17B9-4EAA-B5A4-9EABC53CAA4E} = {50785E5C-B62C-4683-BC65-58FE6B1231B2}
		{1D0601BA-0E10-40ED-A7E9-6865C4D4C7F9} = {50785E5C-B62C-4683-BC65-58FE6B1231B2}
		{430524A0-19B1-4222-83EB-8848AAF7457D} = {50785E5C-B62C-4683-BC65-58FE6B1231B2}
		{02893DF5-1A9C-4184-B932-A996EE72B03C} = {79DA89B4-2395-4406-BEA7-A4F220F6CB8F}
	EndGlobalSection
	GlobalSection(ExtensibilityGlobals) = postSolution
		SolutionGuid = {9CF34144-3CDD-4955-B934-A5278D7A1139}
	EndGlobalSection
EndGlobal
