
Microsoft Visual Studio Solution File, Format Version 12.00
# Visual Studio Version 17
VisualStudioVersion = 17.3.32819.101
MinimumVisualStudioVersion = 10.0.40219.1
Project("{9A19103F-16F7-4668-BE54-9A1E7A4F7556}") = "Starlight.Storage", "src\Starlight.Storage\Starlight.Storage.csproj", "{38BCB8FB-C610-4981-8A32-3C90C2DB8237}"
EndProject
Project("{9A19103F-16F7-4668-BE54-9A1E7A4F7556}") = "Starlight.Storage.Tests", "tests\Starlight.Storage.Tests\Starlight.Storage.Tests.csproj", "{1B81F95E-33CE-4570-ADB5-6222D657C21A}"
EndProject
Project("{9A19103F-16F7-4668-BE54-9A1E7A4F7556}") = "Starlight.Storage.Aws", "src\Starlight.Storage.Aws\Starlight.Storage.Aws.csproj", "{45412F34-4268-4907-8669-84F847787EF2}"
EndProject
Project("{9A19103F-16F7-4668-BE54-9A1E7A4F7556}") = "Starlight.Storage.Gcp", "src\Starlight.Storage.Gcp\Starlight.Storage.Gcp.csproj", "{3288033C-55E6-4828-949C-0C5B83C18F2C}"
EndProject
Project("{9A19103F-16F7-4668-BE54-9A1E7A4F7556}") = "Starlight.Storage.Azure", "src\Starlight.Storage.Azure\Starlight.Storage.Azure.csproj", "{30772F51-D82A-4B02-80E1-4F1B47645831}"
EndProject
Project("{2150E333-8FDC-42A3-9474-1A3956D46DE8}") = "Tests", "Tests", "{BAD76D62-CB88-45EE-8137-71FDC3C184AE}"
EndProject
Project("{9A19103F-16F7-4668-BE54-9A1E7A4F7556}") = "Starlight.Storage.Tests.Integration.Aws", "tests-Integration\Starlight.Storage.Tests.Integration.Aws\Starlight.Storage.Tests.Integration.Aws.csproj", "{9EE2DB00-81AE-4635-82E7-538CA83BDEB0}"
EndProject
Project("{9A19103F-16F7-4668-BE54-9A1E7A4F7556}") = "Starlight.Storage.Tests.Integration.Azure", "tests-Integration\Starlight.Storage.Tests.Integration.Azure\Starlight.Storage.Tests.Integration.Azure.csproj", "{AB70B9F7-7130-4516-BEF2-60782093B0FA}"
EndProject
Project("{9A19103F-16F7-4668-BE54-9A1E7A4F7556}") = "Starlight.Storage.Tests.Integration.Gcp", "tests-Integration\Starlight.Storage.Tests.Integration.GCP\Starlight.Storage.Tests.Integration.Gcp.csproj", "{DF300EC2-5D4E-4240-8AD4-0D8A5B5C7C6D}"
EndProject
Project("{9A19103F-16F7-4668-BE54-9A1E7A4F7556}") = "Starlight.Storage.Tests.Integration", "tests-integration\Starlight.Storage.Tests.Integration\Starlight.Storage.Tests.Integration.csproj", "{528BE390-E467-44AE-AD46-95A1CA6F9EA0}"
EndProject
Project("{2150E333-8FDC-42A3-9474-1A3956D46DE8}") = "Integration", "Integration", "{1CEF8AF5-998C-4745-9274-889C47D3788D}"
EndProject
Project("{FAE04EC0-301F-11D3-BF4B-00C04F79EFBC}") = "Starlight.Storage.Local", "src\Starlight.Storage.Local\Starlight.Storage.Local.csproj", "{F65D1A22-587B-4290-BFF7-821C4CEBE7E1}"
EndProject
Project("{FAE04EC0-301F-11D3-BF4B-00C04F79EFBC}") = "Starlight.Storage.Tests.Integration.Local", "tests-integration\Starlight.Storage.Tests.Integration.Local\Starlight.Storage.Tests.Integration.Local.csproj", "{EFD38759-F007-46E1-AB43-E40D962A41B6}"
EndProject
Global
	GlobalSection(SolutionConfigurationPlatforms) = preSolution
		Debug|Any CPU = Debug|Any CPU
		Release|Any CPU = Release|Any CPU
	EndGlobalSection
	GlobalSection(ProjectConfigurationPlatforms) = postSolution
		{38BCB8FB-C610-4981-8A32-3C90C2DB8237}.Debug|Any CPU.ActiveCfg = Debug|Any CPU
		{38BCB8FB-C610-4981-8A32-3C90C2DB8237}.Debug|Any CPU.Build.0 = Debug|Any CPU
		{38BCB8FB-C610-4981-8A32-3C90C2DB8237}.Release|Any CPU.ActiveCfg = Release|Any CPU
		{38BCB8FB-C610-4981-8A32-3C90C2DB8237}.Release|Any CPU.Build.0 = Release|Any CPU
		{1B81F95E-33CE-4570-ADB5-6222D657C21A}.Debug|Any CPU.ActiveCfg = Debug|Any CPU
		{1B81F95E-33CE-4570-ADB5-6222D657C21A}.Debug|Any CPU.Build.0 = Debug|Any CPU
		{1B81F95E-33CE-4570-ADB5-6222D657C21A}.Release|Any CPU.ActiveCfg = Release|Any CPU
		{1B81F95E-33CE-4570-ADB5-6222D657C21A}.Release|Any CPU.Build.0 = Release|Any CPU
		{45412F34-4268-4907-8669-84F847787EF2}.Debug|Any CPU.ActiveCfg = Debug|Any CPU
		{45412F34-4268-4907-8669-84F847787EF2}.Debug|Any CPU.Build.0 = Debug|Any CPU
		{45412F34-4268-4907-8669-84F847787EF2}.Release|Any CPU.ActiveCfg = Release|Any CPU
		{45412F34-4268-4907-8669-84F847787EF2}.Release|Any CPU.Build.0 = Release|Any CPU
		{3288033C-55E6-4828-949C-0C5B83C18F2C}.Debug|Any CPU.ActiveCfg = Debug|Any CPU
		{3288033C-55E6-4828-949C-0C5B83C18F2C}.Debug|Any CPU.Build.0 = Debug|Any CPU
		{3288033C-55E6-4828-949C-0C5B83C18F2C}.Release|Any CPU.ActiveCfg = Release|Any CPU
		{3288033C-55E6-4828-949C-0C5B83C18F2C}.Release|Any CPU.Build.0 = Release|Any CPU
		{30772F51-D82A-4B02-80E1-4F1B47645831}.Debug|Any CPU.ActiveCfg = Debug|Any CPU
		{30772F51-D82A-4B02-80E1-4F1B47645831}.Debug|Any CPU.Build.0 = Debug|Any CPU
		{30772F51-D82A-4B02-80E1-4F1B47645831}.Release|Any CPU.ActiveCfg = Release|Any CPU
		{30772F51-D82A-4B02-80E1-4F1B47645831}.Release|Any CPU.Build.0 = Release|Any CPU
		{9EE2DB00-81AE-4635-82E7-538CA83BDEB0}.Debug|Any CPU.ActiveCfg = Debug|Any CPU
		{9EE2DB00-81AE-4635-82E7-538CA83BDEB0}.Debug|Any CPU.Build.0 = Debug|Any CPU
		{9EE2DB00-81AE-4635-82E7-538CA83BDEB0}.Release|Any CPU.ActiveCfg = Release|Any CPU
		{9EE2DB00-81AE-4635-82E7-538CA83BDEB0}.Release|Any CPU.Build.0 = Release|Any CPU
		{AB70B9F7-7130-4516-BEF2-60782093B0FA}.Debug|Any CPU.ActiveCfg = Debug|Any CPU
		{AB70B9F7-7130-4516-BEF2-60782093B0FA}.Debug|Any CPU.Build.0 = Debug|Any CPU
		{AB70B9F7-7130-4516-BEF2-60782093B0FA}.Release|Any CPU.ActiveCfg = Release|Any CPU
		{AB70B9F7-7130-4516-BEF2-60782093B0FA}.Release|Any CPU.Build.0 = Release|Any CPU
		{DF300EC2-5D4E-4240-8AD4-0D8A5B5C7C6D}.Debug|Any CPU.ActiveCfg = Debug|Any CPU
		{DF300EC2-5D4E-4240-8AD4-0D8A5B5C7C6D}.Debug|Any CPU.Build.0 = Debug|Any CPU
		{DF300EC2-5D4E-4240-8AD4-0D8A5B5C7C6D}.Release|Any CPU.ActiveCfg = Release|Any CPU
		{DF300EC2-5D4E-4240-8AD4-0D8A5B5C7C6D}.Release|Any CPU.Build.0 = Release|Any CPU
		{528BE390-E467-44AE-AD46-95A1CA6F9EA0}.Debug|Any CPU.ActiveCfg = Debug|Any CPU
		{528BE390-E467-44AE-AD46-95A1CA6F9EA0}.Debug|Any CPU.Build.0 = Debug|Any CPU
		{528BE390-E467-44AE-AD46-95A1CA6F9EA0}.Release|Any CPU.ActiveCfg = Release|Any CPU
		{528BE390-E467-44AE-AD46-95A1CA6F9EA0}.Release|Any CPU.Build.0 = Release|Any CPU
		{F65D1A22-587B-4290-BFF7-821C4CEBE7E1}.Debug|Any CPU.ActiveCfg = Debug|Any CPU
		{F65D1A22-587B-4290-BFF7-821C4CEBE7E1}.Debug|Any CPU.Build.0 = Debug|Any CPU
		{F65D1A22-587B-4290-BFF7-821C4CEBE7E1}.Release|Any CPU.ActiveCfg = Release|Any CPU
		{F65D1A22-587B-4290-BFF7-821C4CEBE7E1}.Release|Any CPU.Build.0 = Release|Any CPU
		{EFD38759-F007-46E1-AB43-E40D962A41B6}.Debug|Any CPU.ActiveCfg = Debug|Any CPU
		{EFD38759-F007-46E1-AB43-E40D962A41B6}.Debug|Any CPU.Build.0 = Debug|Any CPU
		{EFD38759-F007-46E1-AB43-E40D962A41B6}.Release|Any CPU.ActiveCfg = Release|Any CPU
		{EFD38759-F007-46E1-AB43-E40D962A41B6}.Release|Any CPU.Build.0 = Release|Any CPU
	EndGlobalSection
	GlobalSection(SolutionProperties) = preSolution
		HideSolutionNode = FALSE
	EndGlobalSection
	GlobalSection(NestedProjects) = preSolution
		{1B81F95E-33CE-4570-ADB5-6222D657C21A} = {BAD76D62-CB88-45EE-8137-71FDC3C184AE}
		{9EE2DB00-81AE-4635-82E7-538CA83BDEB0} = {1CEF8AF5-998C-4745-9274-889C47D3788D}
		{AB70B9F7-7130-4516-BEF2-60782093B0FA} = {1CEF8AF5-998C-4745-9274-889C47D3788D}
		{DF300EC2-5D4E-4240-8AD4-0D8A5B5C7C6D} = {1CEF8AF5-998C-4745-9274-889C47D3788D}
		{528BE390-E467-44AE-AD46-95A1CA6F9EA0} = {1CEF8AF5-998C-4745-9274-889C47D3788D}
		{1CEF8AF5-998C-4745-9274-889C47D3788D} = {BAD76D62-CB88-45EE-8137-71FDC3C184AE}
		{EFD38759-F007-46E1-AB43-E40D962A41B6} = {1CEF8AF5-998C-4745-9274-889C47D3788D}
	EndGlobalSection
	GlobalSection(ExtensibilityGlobals) = postSolution
		SolutionGuid = {E14452CD-97CA-49B1-AED4-BD581AC936B8}
	EndGlobalSection
EndGlobal
